
Microsoft Visual Studio Solution File, Format Version 12.00
# Visual Studio 15
VisualStudioVersion = 15.0.27703.2035
MinimumVisualStudioVersion = 10.0.40219.1
Project("{FAE04EC0-301F-11D3-BF4B-00C04F79EFBC}") = "CalculatorTask", "CalculatorTask\CalculatorTask.csproj", "{7C5E3B03-A2F4-45F3-A4CA-0F382F7CF043}"
EndProject
Global
	GlobalSection(SolutionConfigurationPlatforms) = preSolution
		Debug|Any CPU = Debug|Any CPU
		Release|Any CPU = Release|Any CPU
	EndGlobalSection
	GlobalSection(ProjectConfigurationPlatforms) = postSolution
		{7C5E3B03-A2F4-45F3-A4CA-0F382F7CF043}.Debug|Any CPU.ActiveCfg = Debug|Any CPU
		{7C5E3B03-A2F4-45F3-A4CA-0F382F7CF043}.Debug|Any CPU.Build.0 = Debug|Any CPU
		{7C5E3B03-A2F4-45F3-A4CA-0F382F7CF043}.Release|Any CPU.ActiveCfg = Release|Any CPU
		{7C5E3B03-A2F4-45F3-A4CA-0F382F7CF043}.Release|Any CPU.Build.0 = Release|Any CPU
	EndGlobalSection
	GlobalSection(SolutionProperties) = preSolution
		HideSolutionNode = FALSE
	EndGlobalSection
	GlobalSection(ExtensibilityGlobals) = postSolution
		SolutionGuid = {196CA5BF-9426-4D44-8564-DA79CFE1A7AD}
	EndGlobalSection
EndGlobal
